{
    "_readme": [
        "This file locks the dependencies of your project to a known state",
        "Read more about it at http://getcomposer.org/doc/01-basic-usage.md#composer-lock-the-lock-file",
        "This file is @generated automatically"
    ],
    "hash": "beef438590abf78daadbda99153fbf2e",
    "packages": [
        {
            "name": "kdyby/curl-ca-bundle",
            "version": "v1.0.5",
            "source": {
                "type": "git",
                "url": "https://github.com/Kdyby/CurlCaBundle.git",
                "reference": "053c27b45f79e44b29f9374dd7bb1679d0cecd7e"
            },
            "dist": {
                "type": "zip",
                "url": "https://api.github.com/repos/Kdyby/CurlCaBundle/zipball/053c27b45f79e44b29f9374dd7bb1679d0cecd7e",
                "reference": "053c27b45f79e44b29f9374dd7bb1679d0cecd7e",
                "shasum": ""
            },
            "require": {
                "ext-curl": "*"
            },
            "require-dev": {
                "jakub-onderka/php-parallel-lint": "~0.6"
            },
            "type": "library",
            "autoload": {
                "classmap": [
                    "src/"
                ]
            },
            "notification-url": "https://packagist.org/downloads/",
            "license": [
                "BSD-3-Clause",
                "GPL-2.0",
                "GPL-3.0"
            ],
            "authors": [
                {
                    "name": "Filip Procházka",
                    "email": "filip@prochazka.su",
                    "homepage": "http://filip-prochazka.com"
                }
            ],
            "description": "This package provides root certificates for usage in api clients on systems that have missing or outdated certificates.",
            "homepage": "http://kdyby.org",
            "keywords": [
                "bundle",
                "ca",
                "certificate",
                "curl",
                "https",
                "ssl"
            ],
            "time": "2014-08-27 23:00:12"
        },
        {
            "name": "pear-pear.php.net/Archive_Tar",
            "version": "1.3.13",
            "dist": {
                "type": "file",
                "url": "http://pear.php.net/get/Archive_Tar-1.3.13.tgz",
                "reference": null,
                "shasum": null
            },
            "require": {
                "php": ">=4.3.0.0"
            },
            "replace": {
                "pear-pear/archive_tar": "== 1.3.13.0"
            },
            "type": "pear-library",
            "autoload": {
                "classmap": [
                    ""
                ]
            },
            "include-path": [
                "/"
            ],
            "license": [
                "New BSD\n License"
            ],
            "description": "This class provides handling of tar files in PHP.\nIt supports creating, listing, extracting and adding to tar files.\nGzip support is available if PHP has the zlib extension built-in or\nloaded. Bz2 compression is also supported with the bz2 extension loaded."
        },
        {
            "name": "pear-pear.php.net/Console_Getopt",
            "version": "1.3.1",
            "dist": {
                "type": "file",
                "url": "http://pear.php.net/get/Console_Getopt-1.3.1.tgz",
                "reference": null,
                "shasum": null
            },
            "require": {
                "php": ">=4.3.0.0"
            },
            "replace": {
                "pear-pear/console_getopt": "== 1.3.1.0"
            },
            "type": "pear-library",
            "autoload": {
                "classmap": [
                    ""
                ]
            },
            "include-path": [
                "/"
            ],
            "license": [
                "PHP License"
            ],
            "description": "This is a PHP implementation of &quot;getopt&quot; supporting both\nshort and long options."
        },
        {
            "name": "pear-pear.php.net/HTTP_Request2",
            "version": "2.2.1",
            "dist": {
                "type": "file",
                "url": "http://pear.php.net/get/HTTP_Request2-2.2.1.tgz",
                "reference": null,
                "shasum": null
            },
            "require": {
                "pear-pear.php.net/net_url2": ">=2.0.0.0",
                "pear-pear.php.net/pear": ">=1.9.2.0",
                "php": ">=5.2.0.0"
            },
            "replace": {
                "pear-pear/http_request2": "== 2.2.1.0"
            },
            "type": "pear-library",
            "autoload": {
                "classmap": [
                    ""
                ]
            },
            "include-path": [
                "/"
            ],
            "license": [
                "BSD License"
            ],
            "description": "PHP5 rewrite of HTTP_Request package (with parts of HTTP_Client). Provides\ncleaner API and pluggable Adapters:\n  * Socket adapter, based on old HTTP_Request code,\n  * Curl adapter, wraps around PHP's cURL extension,\n  * Mock adapter, to use for testing packages dependent on HTTP_Request2.\nSupports POST requests with data and file uploads, basic and digest\nauthentication, cookies, managing cookies across requests, proxies, gzip and\ndeflate encodings, redirects, monitoring the request progress with Observers..."
        },
        {
            "name": "pear-pear.php.net/Net_URL2",
            "version": "2.1.1",
            "dist": {
                "type": "file",
                "url": "http://pear.php.net/get/Net_URL2-2.1.1.tgz",
                "reference": null,
                "shasum": null
            },
            "require": {
                "php": ">=5.1.4.0"
            },
            "replace": {
                "pear-pear/net_url2": "== 2.1.1.0"
            },
            "type": "pear-library",
            "autoload": {
                "classmap": [
                    ""
                ]
            },
            "include-path": [
                "/"
            ],
            "license": [
                "BSD-3-Clause"
            ],
            "description": "Provides parsing of URLs into their constituent parts (scheme, host, path etc.), URL generation, and resolving of\n    relative URLs."
        },
        {
            "name": "pear-pear.php.net/PEAR",
            "version": "1.9.5",
            "dist": {
                "type": "file",
                "url": "http://pear.php.net/get/PEAR-1.9.5.tgz",
                "reference": null,
                "shasum": null
            },
            "require": {
                "ext-pcre": "*",
                "ext-xml": "*",
                "pear-pear.php.net/archive_tar": ">=1.3.11.0",
                "pear-pear.php.net/console_getopt": ">=1.2.0.0",
                "pear-pear.php.net/structures_graph": ">=1.0.2.0",
                "pear-pear.php.net/xml_util": ">=1.2.0.0",
                "php": ">=4.4.0.0,!=5.0.0.0,!=5.1.0.0,!=5.1.1.0,!=5.1.2.0,!=5.1.3.0,!=5.1.4.0,!=5.1.5.0"
            },
            "conflict": {
                "pear-pear.php.net/pear_frontend_gtk": "<0.4.0.0",
                "pear-pear.php.net/pear_frontend_web": "<=0.4.0.0"
            },
            "replace": {
                "pear-pear/pear": "== 1.9.5.0"
            },
            "type": "pear-library",
            "autoload": {
                "classmap": [
                    ""
                ]
            },
            "include-path": [
                "/"
            ],
            "license": [
                "New BSD License"
            ],
            "description": "The PEAR package contains:\n * the PEAR installer, for creating, distributing\n   and installing packages\n * the PEAR_Exception PHP5 error handling mechanism\n * the PEAR_ErrorStack advanced error handling mechanism\n * the PEAR_Error error handling mechanism\n * the OS_Guess class for retrieving info about the OS\n   where PHP is running on\n * the System class for quick handling of common operations\n   with files and directories\n * the PEAR base class\n  Features in a nutshell:\n  * full support for channels\n  * pre-download dependency validation\n  * new package.xml 2.0 format allows tremendous flexibility while maintaining BC\n  * support for optional dependency groups and limited support for sub-packaging\n  * robust dependency support\n  * full dependency validation on uninstall\n  * remote install for hosts with only ftp access - no more problems with\n    restricted host installation\n  * full support for mirroring\n  * support for bundling several packages into a single tarball\n  * support for static dependencies on a url-based package\n  * support for custom file roles and installation tasks"
        },
        {
            "name": "pear-pear.php.net/Structures_Graph",
            "version": "1.0.4",
            "dist": {
                "type": "file",
                "url": "http://pear.php.net/get/Structures_Graph-1.0.4.tgz",
                "reference": null,
                "shasum": null
            },
            "require": {
                "php": ">=4.2.0.0"
            },
            "replace": {
                "pear-pear/structures_graph": "== 1.0.4.0"
            },
            "type": "pear-library",
            "autoload": {
                "classmap": [
                    ""
                ]
            },
            "include-path": [
                "/"
            ],
            "license": [
                "LGPL License"
            ],
            "description": "Structures_Graph is a package for creating and manipulating graph datastructures. It allows building of directed\nand undirected graphs, with data and metadata stored in nodes. The library provides functions for graph traversing\nas well as for characteristic extraction from the graph topology."
        },
        {
            "name": "pear-pear.php.net/XML_Util",
            "version": "1.2.3",
            "dist": {
                "type": "file",
                "url": "http://pear.php.net/get/XML_Util-1.2.3.tgz",
                "reference": null,
                "shasum": null
            },
            "require": {
                "ext-pcre": "*",
                "php": ">=4.3.0.0"
            },
            "replace": {
                "pear-pear/xml_util": "== 1.2.3.0"
            },
            "type": "pear-library",
            "autoload": {
                "classmap": [
                    ""
                ]
            },
            "include-path": [
                "/"
            ],
            "license": [
                "BSD License"
            ],
            "description": "Selection of methods that are often needed when working with XML documents.  Functionality includes creating of attribute lists from arrays, creation of tags, validation of XML names and more."
        },
        {
            "name": "simple-cas/simple-cas",
            "version": "v0.8.1",
            "source": {
                "type": "git",
                "url": "https://github.com/saltybeagle/SimpleCAS.git",
                "reference": "ec291570cadcecadf080201e55369a1545df532d"
            },
            "dist": {
                "type": "zip",
                "url": "https://api.github.com/repos/saltybeagle/SimpleCAS/zipball/ec291570cadcecadf080201e55369a1545df532d",
                "reference": "ec291570cadcecadf080201e55369a1545df532d",
                "shasum": ""
            },
            "require": {
                "pear-pear.php.net/http_request2": "*",
                "tedivm/stash": "0.12.*"
            },
            "type": "library",
            "autoload": {
                "psr-0": {
                    "": "src/"
                }
            },
            "support": {
                "source": "https://github.com/saltybeagle/SimpleCAS/tree/v0.8.1",
                "issues": "https://github.com/saltybeagle/SimpleCAS/issues"
            },
            "time": "2014-12-15 18:49:31"
        },
        {
            "name": "tedivm/stash",
            "version": "v0.12.2",
            "source": {
                "type": "git",
                "url": "https://github.com/tedious/Stash.git",
                "reference": "52312039a5ee8049647332784e032f71adff4dea"
            },
            "dist": {
                "type": "zip",
                "url": "https://api.github.com/repos/tedious/Stash/zipball/52312039a5ee8049647332784e032f71adff4dea",
                "reference": "52312039a5ee8049647332784e032f71adff4dea",
                "shasum": ""
            },
            "require": {
                "php": ">=5.3.0"
            },
            "require-dev": {
                "fabpot/php-cs-fixer": "1.1.*",
                "phpunit/phpunit": "4.3.*",
                "satooshi/php-coveralls": "dev-master"
            },
            "type": "library",
            "autoload": {
                "psr-4": {
                    "Stash\\": "src/Stash/"
                }
            },
            "notification-url": "https://packagist.org/downloads/",
            "license": [
                "BSD-3-Clause"
            ],
            "authors": [
                {
                    "name": "Robert Hafner",
                    "email": "tedivm@tedivm.com"
                },
                {
                    "name": "Josh Hall-Bachner",
                    "email": "charlequin@gmail.com"
                }
            ],
            "description": "The place to keep your cache.",
            "homepage": "http://github.com/tedious/Stash",
            "keywords": [
                "apc",
                "cache",
                "caching",
                "memcached",
                "redis",
                "sessions"
            ],
            "time": "2014-12-08 06:02:20"
        }
    ],
    "packages-dev": [],
    "aliases": [],
    "minimum-stability": "stable",
    "stability-flags": [],
    "prefer-stable": false,
    "prefer-lowest": false,
    "platform": [],
    "platform-dev": []
}
